
Microsoft Visual Studio Solution File, Format Version 12.00
# Visual Studio Version 17
VisualStudioVersion = 17.10.35004.147
MinimumVisualStudioVersion = 10.0.40219.1
Project("{FAE04EC0-301F-11D3-BF4B-00C04F79EFBC}") = "13. GaussGrid", "13. GaussGrid\13. GaussGrid.csproj", "{DB6188B5-80A3-45C0-9691-23B5937D9F5D}"
EndProject
Global
	GlobalSection(SolutionConfigurationPlatforms) = preSolution
		Debug|Any CPU = Debug|Any CPU
		Release|Any CPU = Release|Any CPU
	EndGlobalSection
	GlobalSection(ProjectConfigurationPlatforms) = postSolution
		{DB6188B5-80A3-45C0-9691-23B5937D9F5D}.Debug|Any CPU.ActiveCfg = Debug|Any CPU
		{DB6188B5-80A3-45C0-9691-23B5937D9F5D}.Debug|Any CPU.Build.0 = Debug|Any CPU
		{DB6188B5-80A3-45C0-9691-23B5937D9F5D}.Release|Any CPU.ActiveCfg = Release|Any CPU
		{DB6188B5-80A3-45C0-9691-23B5937D9F5D}.Release|Any CPU.Build.0 = Release|Any CPU
	EndGlobalSection
	GlobalSection(SolutionProperties) = preSolution
		HideSolutionNode = FALSE
	EndGlobalSection
	GlobalSection(ExtensibilityGlobals) = postSolution
		SolutionGuid = {3A31DF38-6F93-45FB-9C93-B3F2E985153D}
	EndGlobalSection
EndGlobal
