
Microsoft Visual Studio Solution File, Format Version 12.00
# Visual Studio Version 17
VisualStudioVersion = 17.10.35004.147
MinimumVisualStudioVersion = 10.0.40219.1
Project("{FAE04EC0-301F-11D3-BF4B-00C04F79EFBC}") = "01. BuferObmenaTXT", "01. BuferObmenaTXT\01. BuferObmenaTXT.csproj", "{095EC906-DD43-4638-969A-05EC3D65CEFE}"
EndProject
Global
	GlobalSection(SolutionConfigurationPlatforms) = preSolution
		Debug|Any CPU = Debug|Any CPU
		Release|Any CPU = Release|Any CPU
	EndGlobalSection
	GlobalSection(ProjectConfigurationPlatforms) = postSolution
		{095EC906-DD43-4638-969A-05EC3D65CEFE}.Debug|Any CPU.ActiveCfg = Debug|Any CPU
		{095EC906-DD43-4638-969A-05EC3D65CEFE}.Debug|Any CPU.Build.0 = Debug|Any CPU
		{095EC906-DD43-4638-969A-05EC3D65CEFE}.Release|Any CPU.ActiveCfg = Release|Any CPU
		{095EC906-DD43-4638-969A-05EC3D65CEFE}.Release|Any CPU.Build.0 = Release|Any CPU
	EndGlobalSection
	GlobalSection(SolutionProperties) = preSolution
		HideSolutionNode = FALSE
	EndGlobalSection
	GlobalSection(ExtensibilityGlobals) = postSolution
		SolutionGuid = {1B4A9A25-748A-4434-AD69-92AD1AA16D72}
	EndGlobalSection
EndGlobal
