
Microsoft Visual Studio Solution File, Format Version 12.00
# Visual Studio Version 17
VisualStudioVersion = 17.10.35004.147
MinimumVisualStudioVersion = 10.0.40219.1
Project("{FAE04EC0-301F-11D3-BF4B-00C04F79EFBC}") = "16. CreatePDF", "16. CreatePDF\16. CreatePDF.csproj", "{563F44B8-68EB-4A04-85E4-A15528AFD816}"
EndProject
Global
	GlobalSection(SolutionConfigurationPlatforms) = preSolution
		Debug|Any CPU = Debug|Any CPU
		Release|Any CPU = Release|Any CPU
	EndGlobalSection
	GlobalSection(ProjectConfigurationPlatforms) = postSolution
		{563F44B8-68EB-4A04-85E4-A15528AFD816}.Debug|Any CPU.ActiveCfg = Debug|Any CPU
		{563F44B8-68EB-4A04-85E4-A15528AFD816}.Debug|Any CPU.Build.0 = Debug|Any CPU
		{563F44B8-68EB-4A04-85E4-A15528AFD816}.Release|Any CPU.ActiveCfg = Release|Any CPU
		{563F44B8-68EB-4A04-85E4-A15528AFD816}.Release|Any CPU.Build.0 = Release|Any CPU
	EndGlobalSection
	GlobalSection(SolutionProperties) = preSolution
		HideSolutionNode = FALSE
	EndGlobalSection
	GlobalSection(ExtensibilityGlobals) = postSolution
		SolutionGuid = {343EE64C-7B50-42A9-8FCC-2AE7AA0F28A5}
	EndGlobalSection
EndGlobal
